
Microsoft Visual Studio Solution File, Format Version 12.00
# Visual Studio Version 17
VisualStudioVersion = 17.11.35312.102
MinimumVisualStudioVersion = 10.0.40219.1
Project("{FAE04EC0-301F-11D3-BF4B-00C04F79EFBC}") = "lap3", "lap3\lap3.csproj", "{EDE7C5AC-44FC-4E00-8EC9-7BA7473F8E73}"
EndProject
Global
	GlobalSection(SolutionConfigurationPlatforms) = preSolution
		Debug|Any CPU = Debug|Any CPU
		Release|Any CPU = Release|Any CPU
	EndGlobalSection
	GlobalSection(ProjectConfigurationPlatforms) = postSolution
		{EDE7C5AC-44FC-4E00-8EC9-7BA7473F8E73}.Debug|Any CPU.ActiveCfg = Debug|Any CPU
		{EDE7C5AC-44FC-4E00-8EC9-7BA7473F8E73}.Debug|Any CPU.Build.0 = Debug|Any CPU
		{EDE7C5AC-44FC-4E00-8EC9-7BA7473F8E73}.Release|Any CPU.ActiveCfg = Release|Any CPU
		{EDE7C5AC-44FC-4E00-8EC9-7BA7473F8E73}.Release|Any CPU.Build.0 = Release|Any CPU
	EndGlobalSection
	GlobalSection(SolutionProperties) = preSolution
		HideSolutionNode = FALSE
	EndGlobalSection
	GlobalSection(ExtensibilityGlobals) = postSolution
		SolutionGuid = {D320A9EB-67D3-4473-90B9-C58C29D14DBC}
	EndGlobalSection
EndGlobal
